
Microsoft Visual Studio Solution File, Format Version 12.00
# Visual Studio Version 17
VisualStudioVersion = 17.0.32014.148
MinimumVisualStudioVersion = 10.0.40219.1
Project("{FAE04EC0-301F-11D3-BF4B-00C04F79EFBC}") = "Morpion", "Morpion\Morpion.csproj", "{1E4F7D80-C632-483D-AF69-7AFA5822841B}"
EndProject
Global
	GlobalSection(SolutionConfigurationPlatforms) = preSolution
		Debug|Any CPU = Debug|Any CPU
		Release|Any CPU = Release|Any CPU
	EndGlobalSection
	GlobalSection(ProjectConfigurationPlatforms) = postSolution
		{1E4F7D80-C632-483D-AF69-7AFA5822841B}.Debug|Any CPU.ActiveCfg = Debug|Any CPU
		{1E4F7D80-C632-483D-AF69-7AFA5822841B}.Debug|Any CPU.Build.0 = Debug|Any CPU
		{1E4F7D80-C632-483D-AF69-7AFA5822841B}.Release|Any CPU.ActiveCfg = Release|Any CPU
		{1E4F7D80-C632-483D-AF69-7AFA5822841B}.Release|Any CPU.Build.0 = Release|Any CPU
	EndGlobalSection
	GlobalSection(SolutionProperties) = preSolution
		HideSolutionNode = FALSE
	EndGlobalSection
	GlobalSection(ExtensibilityGlobals) = postSolution
		SolutionGuid = {24009E55-5F4D-4C28-81CE-1318CFB00FAF}
	EndGlobalSection
EndGlobal
